
Microsoft Visual Studio Solution File, Format Version 12.00
# Visual Studio Version 16
VisualStudioVersion = 16.0.30717.126
MinimumVisualStudioVersion = 10.0.40219.1
Project("{FAE04EC0-301F-11D3-BF4B-00C04F79EFBC}") = "FirstProgramm", "FirstProgramm.csproj", "{B6673559-A450-420E-9205-6F2DF74A2E49}"
EndProject
Global
	GlobalSection(SolutionConfigurationPlatforms) = preSolution
		Debug|Any CPU = Debug|Any CPU
		Release|Any CPU = Release|Any CPU
	EndGlobalSection
	GlobalSection(ProjectConfigurationPlatforms) = postSolution
		{B6673559-A450-420E-9205-6F2DF74A2E49}.Debug|Any CPU.ActiveCfg = Debug|Any CPU
		{B6673559-A450-420E-9205-6F2DF74A2E49}.Debug|Any CPU.Build.0 = Debug|Any CPU
		{B6673559-A450-420E-9205-6F2DF74A2E49}.Release|Any CPU.ActiveCfg = Release|Any CPU
		{B6673559-A450-420E-9205-6F2DF74A2E49}.Release|Any CPU.Build.0 = Release|Any CPU
	EndGlobalSection
	GlobalSection(SolutionProperties) = preSolution
		HideSolutionNode = FALSE
	EndGlobalSection
	GlobalSection(ExtensibilityGlobals) = postSolution
		SolutionGuid = {1017208C-4F6E-4384-99AD-8B4795EA5CA7}
	EndGlobalSection
EndGlobal
