# THIS IS AN AUTOGENERATED FILE. DO NOT EDIT THIS FILE DIRECTLY.
# yarn lockfile v1


calendar@^0.1.1:
  version "0.1.1"
  resolved "https://registry.yarnpkg.com/calendar/-/calendar-0.1.1.tgz#4678dbf192c516690f6cde20bb476140fd817463"
  integrity sha512-CExn+MxSU1pCsjYiS+Cx8d1MtIZqezxRhpIu8odr1oqvYG/0C1m8lvehHxTl1FslgKbOD7Z5QuEcyk8sGgpZLQ==
