
Microsoft Visual Studio Solution File, Format Version 12.00
# Visual Studio Version 16
VisualStudioVersion = 16.0.30717.126
MinimumVisualStudioVersion = 10.0.40219.1
Project("{FAE04EC0-301F-11D3-BF4B-00C04F79EFBC}") = "Calc", "Calc\Calc.csproj", "{A1DF96A3-D369-4581-924E-98B47838119C}"
EndProject
Global
	GlobalSection(SolutionConfigurationPlatforms) = preSolution
		Debug|Any CPU = Debug|Any CPU
		Release|Any CPU = Release|Any CPU
	EndGlobalSection
	GlobalSection(ProjectConfigurationPlatforms) = postSolution
		{A1DF96A3-D369-4581-924E-98B47838119C}.Debug|Any CPU.ActiveCfg = Debug|Any CPU
		{A1DF96A3-D369-4581-924E-98B47838119C}.Debug|Any CPU.Build.0 = Debug|Any CPU
		{A1DF96A3-D369-4581-924E-98B47838119C}.Release|Any CPU.ActiveCfg = Release|Any CPU
		{A1DF96A3-D369-4581-924E-98B47838119C}.Release|Any CPU.Build.0 = Release|Any CPU
	EndGlobalSection
	GlobalSection(SolutionProperties) = preSolution
		HideSolutionNode = FALSE
	EndGlobalSection
	GlobalSection(ExtensibilityGlobals) = postSolution
		SolutionGuid = {FA52D5D1-8543-45AC-B89A-C1061E23DF36}
	EndGlobalSection
EndGlobal
