
Microsoft Visual Studio Solution File, Format Version 12.00
# Visual Studio Version 16
VisualStudioVersion = 16.0.30717.126
MinimumVisualStudioVersion = 10.0.40219.1
Project("{FAE04EC0-301F-11D3-BF4B-00C04F79EFBC}") = "Tetris", "Tetris.csproj", "{9EC78D76-E4E7-49F3-A902-9D4D96E034B4}"
EndProject
Project("{FAE04EC0-301F-11D3-BF4B-00C04F79EFBC}") = "Collections", "..\Collections\Collections.csproj", "{D77E0D72-490C-4230-9A3C-15E0A613D420}"
EndProject
Global
	GlobalSection(SolutionConfigurationPlatforms) = preSolution
		Debug|Any CPU = Debug|Any CPU
		Release|Any CPU = Release|Any CPU
	EndGlobalSection
	GlobalSection(ProjectConfigurationPlatforms) = postSolution
		{9EC78D76-E4E7-49F3-A902-9D4D96E034B4}.Debug|Any CPU.ActiveCfg = Debug|Any CPU
		{9EC78D76-E4E7-49F3-A902-9D4D96E034B4}.Debug|Any CPU.Build.0 = Debug|Any CPU
		{9EC78D76-E4E7-49F3-A902-9D4D96E034B4}.Release|Any CPU.ActiveCfg = Release|Any CPU
		{9EC78D76-E4E7-49F3-A902-9D4D96E034B4}.Release|Any CPU.Build.0 = Release|Any CPU
		{D77E0D72-490C-4230-9A3C-15E0A613D420}.Debug|Any CPU.ActiveCfg = Debug|Any CPU
		{D77E0D72-490C-4230-9A3C-15E0A613D420}.Debug|Any CPU.Build.0 = Debug|Any CPU
		{D77E0D72-490C-4230-9A3C-15E0A613D420}.Release|Any CPU.ActiveCfg = Release|Any CPU
		{D77E0D72-490C-4230-9A3C-15E0A613D420}.Release|Any CPU.Build.0 = Release|Any CPU
	EndGlobalSection
	GlobalSection(SolutionProperties) = preSolution
		HideSolutionNode = FALSE
	EndGlobalSection
	GlobalSection(ExtensibilityGlobals) = postSolution
		SolutionGuid = {938B692D-4CA6-40B6-AF3F-4A2BBCAB33A0}
	EndGlobalSection
EndGlobal
